
Microsoft Visual Studio Solution File, Format Version 12.00
# Visual Studio Version 17
VisualStudioVersion = 17.5.33424.131
MinimumVisualStudioVersion = 10.0.40219.1
Project("{9A19103F-16F7-4668-BE54-9A1E7A4F7556}") = "CrudWebApi", "CrudWebApi\CrudWebApi.csproj", "{D5528BDD-559A-4D4B-9884-87F7FB55893D}"
EndProject
Project("{9A19103F-16F7-4668-BE54-9A1E7A4F7556}") = "Core", "Core\Core.csproj", "{B5A72B9A-7D0F-45BD-B98A-B51F8A761C02}"
EndProject
Project("{9A19103F-16F7-4668-BE54-9A1E7A4F7556}") = "Infrastructure", "Infrastructure\Infrastructure.csproj", "{EEF64CE7-FA61-4840-B39E-84DC8DE27D45}"
EndProject
Project("{9A19103F-16F7-4668-BE54-9A1E7A4F7556}") = "Shared", "Shared\Shared.csproj", "{F020300F-5E20-4CCD-8806-20C19D962BDD}"
EndProject
Project("{E53339B2-1760-4266-BCC7-CA923CBCF16C}") = "docker-compose", "docker-compose.dcproj", "{73945A8B-AEC9-4424-B842-A915B8183EFE}"
EndProject
Global
	GlobalSection(SolutionConfigurationPlatforms) = preSolution
		Debug|Any CPU = Debug|Any CPU
		Release|Any CPU = Release|Any CPU
	EndGlobalSection
	GlobalSection(ProjectConfigurationPlatforms) = postSolution
		{D5528BDD-559A-4D4B-9884-87F7FB55893D}.Debug|Any CPU.ActiveCfg = Debug|Any CPU
		{D5528BDD-559A-4D4B-9884-87F7FB55893D}.Debug|Any CPU.Build.0 = Debug|Any CPU
		{D5528BDD-559A-4D4B-9884-87F7FB55893D}.Release|Any CPU.ActiveCfg = Release|Any CPU
		{D5528BDD-559A-4D4B-9884-87F7FB55893D}.Release|Any CPU.Build.0 = Release|Any CPU
		{B5A72B9A-7D0F-45BD-B98A-B51F8A761C02}.Debug|Any CPU.ActiveCfg = Debug|Any CPU
		{B5A72B9A-7D0F-45BD-B98A-B51F8A761C02}.Debug|Any CPU.Build.0 = Debug|Any CPU
		{B5A72B9A-7D0F-45BD-B98A-B51F8A761C02}.Release|Any CPU.ActiveCfg = Release|Any CPU
		{B5A72B9A-7D0F-45BD-B98A-B51F8A761C02}.Release|Any CPU.Build.0 = Release|Any CPU
		{EEF64CE7-FA61-4840-B39E-84DC8DE27D45}.Debug|Any CPU.ActiveCfg = Debug|Any CPU
		{EEF64CE7-FA61-4840-B39E-84DC8DE27D45}.Debug|Any CPU.Build.0 = Debug|Any CPU
		{EEF64CE7-FA61-4840-B39E-84DC8DE27D45}.Release|Any CPU.ActiveCfg = Release|Any CPU
		{EEF64CE7-FA61-4840-B39E-84DC8DE27D45}.Release|Any CPU.Build.0 = Release|Any CPU
		{F020300F-5E20-4CCD-8806-20C19D962BDD}.Debug|Any CPU.ActiveCfg = Debug|Any CPU
		{F020300F-5E20-4CCD-8806-20C19D962BDD}.Debug|Any CPU.Build.0 = Debug|Any CPU
		{F020300F-5E20-4CCD-8806-20C19D962BDD}.Release|Any CPU.ActiveCfg = Release|Any CPU
		{F020300F-5E20-4CCD-8806-20C19D962BDD}.Release|Any CPU.Build.0 = Release|Any CPU
		{73945A8B-AEC9-4424-B842-A915B8183EFE}.Debug|Any CPU.ActiveCfg = Debug|Any CPU
		{73945A8B-AEC9-4424-B842-A915B8183EFE}.Debug|Any CPU.Build.0 = Debug|Any CPU
		{73945A8B-AEC9-4424-B842-A915B8183EFE}.Release|Any CPU.ActiveCfg = Release|Any CPU
		{73945A8B-AEC9-4424-B842-A915B8183EFE}.Release|Any CPU.Build.0 = Release|Any CPU
	EndGlobalSection
	GlobalSection(SolutionProperties) = preSolution
		HideSolutionNode = FALSE
	EndGlobalSection
	GlobalSection(ExtensibilityGlobals) = postSolution
		SolutionGuid = {08CF8303-FDD9-4B57-A2D6-4392B3483119}
	EndGlobalSection
EndGlobal
